// !$*UTF8*$!
{
	archiveVersion = 1;
	classes = {
	};
	objectVersion = 48;
	objects = {

/* Begin PBXBuildFile section */
		7DA6BC691FC982140024C20A /* StructsForJSON.swift in Sources */ = {isa = PBXBuildFile; fileRef = 7DA6BC681FC982140024C20A /* StructsForJSON.swift */; };
		7DA6BC771FC988380024C20A /* MainTableViewController.swift in Sources */ = {isa = PBXBuildFile; fileRef = 7DA6BC761FC988380024C20A /* MainTableViewController.swift */; };
		7DA6BC791FC98D400024C20A /* DateSelectorViewController.swift in Sources */ = {isa = PBXBuildFile; fileRef = 7DA6BC781FC98D400024C20A /* DateSelectorViewController.swift */; };
		7DB0E54C1FC88E1C00ABB121 /* AppDelegate.swift in Sources */ = {isa = PBXBuildFile; fileRef = 7DB0E54B1FC88E1C00ABB121 /* AppDelegate.swift */; };
		7DB0E5511FC88E1D00ABB121 /* Main.storyboard in Resources */ = {isa = PBXBuildFile; fileRef = 7DB0E54F1FC88E1C00ABB121 /* Main.storyboard */; };
		7DB0E5531FC88E1D00ABB121 /* Assets.xcassets in Resources */ = {isa = PBXBuildFile; fileRef = 7DB0E5521FC88E1D00ABB121 /* Assets.xcassets */; };
		7DB0E5561FC88E1D00ABB121 /* LaunchScreen.storyboard in Resources */ = {isa = PBXBuildFile; fileRef = 7DB0E5541FC88E1D00ABB121 /* LaunchScreen.storyboard */; };
		7DB0E55E1FC88EA400ABB121 /* VisitsTableViewController.swift in Sources */ = {isa = PBXBuildFile; fileRef = 7DB0E55D1FC88EA400ABB121 /* VisitsTableViewController.swift */; };
/* End PBXBuildFile section */

/* Begin PBXFileReference section */
		7DA6BC681FC982140024C20A /* StructsForJSON.swift */ = {isa = PBXFileReference; lastKnownFileType = sourcecode.swift; path = StructsForJSON.swift; sourceTree = "<group>"; };
		7DA6BC761FC988380024C20A /* MainTableViewController.swift */ = {isa = PBXFileReference; lastKnownFileType = sourcecode.swift; path = MainTableViewController.swift; sourceTree = "<group>"; };
		7DA6BC781FC98D400024C20A /* DateSelectorViewController.swift */ = {isa = PBXFileReference; lastKnownFileType = sourcecode.swift; path = DateSelectorViewController.swift; sourceTree = "<group>"; };
		7DB0E5481FC88E1C00ABB121 /* CRM_P5.app */ = {isa = PBXFileReference; explicitFileType = wrapper.application; includeInIndex = 0; path = CRM_P5.app; sourceTree = BUILT_PRODUCTS_DIR; };
		7DB0E54B1FC88E1C00ABB121 /* AppDelegate.swift */ = {isa = PBXFileReference; lastKnownFileType = sourcecode.swift; path = AppDelegate.swift; sourceTree = "<group>"; };
		7DB0E5501FC88E1C00ABB121 /* Base */ = {isa = PBXFileReference; lastKnownFileType = file.storyboard; name = Base; path = Base.lproj/Main.storyboard; sourceTree = "<group>"; };
		7DB0E5521FC88E1D00ABB121 /* Assets.xcassets */ = {isa = PBXFileReference; lastKnownFileType = folder.assetcatalog; path = Assets.xcassets; sourceTree = "<group>"; };
		7DB0E5551FC88E1D00ABB121 /* Base */ = {isa = PBXFileReference; lastKnownFileType = file.storyboard; name = Base; path = Base.lproj/LaunchScreen.storyboard; sourceTree = "<group>"; };
		7DB0E5571FC88E1D00ABB121 /* Info.plist */ = {isa = PBXFileReference; lastKnownFileType = text.plist.xml; path = Info.plist; sourceTree = "<group>"; };
		7DB0E55D1FC88EA400ABB121 /* VisitsTableViewController.swift */ = {isa = PBXFileReference; lastKnownFileType = sourcecode.swift; path = VisitsTableViewController.swift; sourceTree = "<group>"; };
/* End PBXFileReference section */

/* Begin PBXFrameworksBuildPhase section */
		7DB0E5451FC88E1C00ABB121 /* Frameworks */ = {
			isa = PBXFrameworksBuildPhase;
			buildActionMask = 2147483647;
			files = (
			);
			runOnlyForDeploymentPostprocessing = 0;
		};
/* End PBXFrameworksBuildPhase section */

/* Begin PBXGroup section */
		7DB0E53F1FC88E1C00ABB121 = {
			isa = PBXGroup;
			children = (
				7DB0E54A1FC88E1C00ABB121 /* CRM_P5 */,
				7DB0E5491FC88E1C00ABB121 /* Products */,
			);
			sourceTree = "<group>";
		};
		7DB0E5491FC88E1C00ABB121 /* Products */ = {
			isa = PBXGroup;
			children = (
				7DB0E5481FC88E1C00ABB121 /* CRM_P5.app */,
			);
			name = Products;
			sourceTree = "<group>";
		};
		7DB0E54A1FC88E1C00ABB121 /* CRM_P5 */ = {
			isa = PBXGroup;
			children = (
				7DB0E54B1FC88E1C00ABB121 /* AppDelegate.swift */,
				7DB0E54F1FC88E1C00ABB121 /* Main.storyboard */,
				7DB0E5521FC88E1D00ABB121 /* Assets.xcassets */,
				7DB0E5541FC88E1D00ABB121 /* LaunchScreen.storyboard */,
				7DB0E5571FC88E1D00ABB121 /* Info.plist */,
				7DB0E55D1FC88EA400ABB121 /* VisitsTableViewController.swift */,
				7DA6BC681FC982140024C20A /* StructsForJSON.swift */,
				7DA6BC761FC988380024C20A /* MainTableViewController.swift */,
				7DA6BC781FC98D400024C20A /* DateSelectorViewController.swift */,
			);
			path = CRM_P5;
			sourceTree = "<group>";
		};
/* End PBXGroup section */

/* Begin PBXNativeTarget section */
		7DB0E5471FC88E1C00ABB121 /* CRM_P5 */ = {
			isa = PBXNativeTarget;
			buildConfigurationList = 7DB0E55A1FC88E1D00ABB121 /* Build configuration list for PBXNativeTarget "CRM_P5" */;
			buildPhases = (
				7DB0E5441FC88E1C00ABB121 /* Sources */,
				7DB0E5451FC88E1C00ABB121 /* Frameworks */,
				7DB0E5461FC88E1C00ABB121 /* Resources */,
			);
			buildRules = (
			);
			dependencies = (
			);
			name = CRM_P5;
			productName = CRM_P5;
			productReference = 7DB0E5481FC88E1C00ABB121 /* CRM_P5.app */;
			productType = "com.apple.product-type.application";
		};
/* End PBXNativeTarget section */

/* Begin PBXProject section */
		7DB0E5401FC88E1C00ABB121 /* Project object */ = {
			isa = PBXProject;
			attributes = {
				LastSwiftUpdateCheck = 0900;
				LastUpgradeCheck = 0900;
				ORGANIZATIONNAME = "Juan Carlos Díaz Torres";
				TargetAttributes = {
					7DB0E5471FC88E1C00ABB121 = {
						CreatedOnToolsVersion = 9.0;
						ProvisioningStyle = Automatic;
					};
				};
			};
			buildConfigurationList = 7DB0E5431FC88E1C00ABB121 /* Build configuration list for PBXProject "CRM_P5" */;
			compatibilityVersion = "Xcode 8.0";
			developmentRegion = en;
			hasScannedForEncodings = 0;
			knownRegions = (
				en,
				Base,
			);
			mainGroup = 7DB0E53F1FC88E1C00ABB121;
			productRefGroup = 7DB0E5491FC88E1C00ABB121 /* Products */;
			projectDirPath = "";
			projectRoot = "";
			targets = (
				7DB0E5471FC88E1C00ABB121 /* CRM_P5 */,
			);
		};
/* End PBXProject section */

/* Begin PBXResourcesBuildPhase section */
		7DB0E5461FC88E1C00ABB121 /* Resources */ = {
			isa = PBXResourcesBuildPhase;
			buildActionMask = 2147483647;
			files = (
				7DB0E5561FC88E1D00ABB121 /* LaunchScreen.storyboard in Resources */,
				7DB0E5531FC88E1D00ABB121 /* Assets.xcassets in Resources */,
				7DB0E5511FC88E1D00ABB121 /* Main.storyboard in Resources */,
			);
			runOnlyForDeploymentPostprocessing = 0;
		};
/* End PBXResourcesBuildPhase section */

/* Begin PBXSourcesBuildPhase section */
		7DB0E5441FC88E1C00ABB121 /* Sources */ = {
			isa = PBXSourcesBuildPhase;
			buildActionMask = 2147483647;
			files = (
				7DB0E54C1FC88E1C00ABB121 /* AppDelegate.swift in Sources */,
				7DA6BC691FC982140024C20A /* StructsForJSON.swift in Sources */,
				7DA6BC771FC988380024C20A /* MainTableViewController.swift in Sources */,
				7DA6BC791FC98D400024C20A /* DateSelectorViewController.swift in Sources */,
				7DB0E55E1FC88EA400ABB121 /* VisitsTableViewController.swift in Sources */,
			);
			runOnlyForDeploymentPostprocessing = 0;
		};
/* End PBXSourcesBuildPhase section */

/* Begin PBXVariantGroup section */
		7DB0E54F1FC88E1C00ABB121 /* Main.storyboard */ = {
			isa = PBXVariantGroup;
			children = (
				7DB0E5501FC88E1C00ABB121 /* Base */,
			);
			name = Main.storyboard;
			sourceTree = "<group>";
		};
		7DB0E5541FC88E1D00ABB121 /* LaunchScreen.storyboard */ = {
			isa = PBXVariantGroup;
			children = (
				7DB0E5551FC88E1D00ABB121 /* Base */,
			);
			name = LaunchScreen.storyboard;
			sourceTree = "<group>";
		};
/* End PBXVariantGroup section */

/* Begin XCBuildConfiguration section */
		7DB0E5581FC88E1D00ABB121 /* Debug */ = {
			isa = XCBuildConfiguration;
			buildSettings = {
				ALWAYS_SEARCH_USER_PATHS = NO;
				CLANG_ANALYZER_NONNULL = YES;
				CLANG_ANALYZER_NUMBER_OBJECT_CONVERSION = YES_AGGRESSIVE;
				CLANG_CXX_LANGUAGE_STANDARD = "gnu++14";
				CLANG_CXX_LIBRARY = "libc++";
				CLANG_ENABLE_MODULES = YES;
				CLANG_ENABLE_OBJC_ARC = YES;
				CLANG_WARN_BLOCK_CAPTURE_AUTORELEASING = YES;
				CLANG_WARN_BOOL_CONVERSION = YES;
				CLANG_WARN_COMMA = YES;
				CLANG_WARN_CONSTANT_CONVERSION = YES;
				CLANG_WARN_DIRECT_OBJC_ISA_USAGE = YES_ERROR;
				CLANG_WARN_DOCUMENTATION_COMMENTS = YES;
				CLANG_WARN_EMPTY_BODY = YES;
				CLANG_WARN_ENUM_CONVERSION = YES;
				CLANG_WARN_INFINITE_RECURSION = YES;
				CLANG_WARN_INT_CONVERSION = YES;
				CLANG_WARN_NON_LITERAL_NULL_CONVERSION = YES;
				CLANG_WARN_OBJC_LITERAL_CONVERSION = YES;
				CLANG_WARN_OBJC_ROOT_CLASS = YES_ERROR;
				CLANG_WARN_RANGE_LOOP_ANALYSIS = YES;
				CLANG_WARN_STRICT_PROTOTYPES = YES;
				CLANG_WARN_SUSPICIOUS_MOVE = YES;
				CLANG_WARN_UNGUARDED_AVAILABILITY = YES_AGGRESSIVE;
				CLANG_WARN_UNREACHABLE_CODE = YES;
				CLANG_WARN__DUPLICATE_METHOD_MATCH = YES;
				CODE_SIGN_IDENTITY = "iPhone Developer";
				COPY_PHASE_STRIP = NO;
				DEBUG_INFORMATION_FORMAT = dwarf;
				ENABLE_STRICT_OBJC_MSGSEND = YES;
				ENABLE_TESTABILITY = YES;
				GCC_C_LANGUAGE_STANDARD = gnu11;
				GCC_DYNAMIC_NO_PIC = NO;
				GCC_NO_COMMON_BLOCKS = YES;
				GCC_OPTIMIZATION_LEVEL = 0;
				GCC_PREPROCESSOR_DEFINITIONS = (
					"DEBUG=1",
					"$(inherited)",
				);
				GCC_WARN_64_TO_32_BIT_CONVERSION = YES;
				GCC_WARN_ABOUT_RETURN_TYPE = YES_ERROR;
				GCC_WARN_UNDECLARED_SELECTOR = YES;
				GCC_WARN_UNINITIALIZED_AUTOS = YES_AGGRESSIVE;
				GCC_WARN_UNUSED_FUNCTION = YES;
				GCC_WARN_UNUSED_VARIABLE = YES;
				IPHONEOS_DEPLOYMENT_TARGET = 11.0;
				MTL_ENABLE_DEBUG_INFO = YES;
				ONLY_ACTIVE_ARCH = YES;
				SDKROOT = iphoneos;
				SWIFT_ACTIVE_COMPILATION_CONDITIONS = DEBUG;
				SWIFT_OPTIMIZATION_LEVEL = "-Onone";
			};
			name = Debug;
		};
		7DB0E5591FC88E1D00ABB121 /* Release */ = {
			isa = XCBuildConfiguration;
			buildSettings = {
				ALWAYS_SEARCH_USER_PATHS = NO;
				CLANG_ANALYZER_NONNULL = YES;
				CLANG_ANALYZER_NUMBER_OBJECT_CONVERSION = YES_AGGRESSIVE;
				CLANG_CXX_LANGUAGE_STANDARD = "gnu++14";
				CLANG_CXX_LIBRARY = "libc++";
				CLANG_ENABLE_MODULES = YES;
				CLANG_ENABLE_OBJC_ARC = YES;
				CLANG_WARN_BLOCK_CAPTURE_AUTORELEASING = YES;
				CLANG_WARN_BOOL_CONVERSION = YES;
				CLANG_WARN_COMMA = YES;
				CLANG_WARN_CONSTANT_CONVERSION = YES;
				CLANG_WARN_DIRECT_OBJC_ISA_USAGE = YES_ERROR;
				CLANG_WARN_DOCUMENTATION_COMMENTS = YES;
				CLANG_WARN_EMPTY_BODY = YES;
				CLANG_WARN_ENUM_CONVERSION = YES;
				CLANG_WARN_INFINITE_RECURSION = YES;
				CLANG_WARN_INT_CONVERSION = YES;
				CLANG_WARN_NON_LITERAL_NULL_CONVERSION = YES;
				CLANG_WARN_OBJC_LITERAL_CONVERSION = YES;
				CLANG_WARN_OBJC_ROOT_CLASS = YES_ERROR;
				CLANG_WARN_RANGE_LOOP_ANALYSIS = YES;
				CLANG_WARN_STRICT_PROTOTYPES = YES;
				CLANG_WARN_SUSPICIOUS_MOVE = YES;
				CLANG_WARN_UNGUARDED_AVAILABILITY = YES_AGGRESSIVE;
				CLANG_WARN_UNREACHABLE_CODE = YES;
				CLANG_WARN__DUPLICATE_METHOD_MATCH = YES;
				CODE_SIGN_IDENTITY = "iPhone Developer";
				COPY_PHASE_STRIP = NO;
				DEBUG_INFORMATION_FORMAT = "dwarf-with-dsym";
				ENABLE_NS_ASSERTIONS = NO;
				ENABLE_STRICT_OBJC_MSGSEND = YES;
				GCC_C_LANGUAGE_STANDARD = gnu11;
				GCC_NO_COMMON_BLOCKS = YES;
				GCC_WARN_64_TO_32_BIT_CONVERSION = YES;
				GCC_WARN_ABOUT_RETURN_TYPE = YES_ERROR;
				GCC_WARN_UNDECLARED_SELECTOR = YES;
				GCC_WARN_UNINITIALIZED_AUTOS = YES_AGGRESSIVE;
				GCC_WARN_UNUSED_FUNCTION = YES;
				GCC_WARN_UNUSED_VARIABLE = YES;
				IPHONEOS_DEPLOYMENT_TARGET = 11.0;
				MTL_ENABLE_DEBUG_INFO = NO;
				SDKROOT = iphoneos;
				SWIFT_OPTIMIZATION_LEVEL = "-Owholemodule";
				VALIDATE_PRODUCT = YES;
			};
			name = Release;
		};
		7DB0E55B1FC88E1D00ABB121 /* Debug */ = {
			isa = XCBuildConfiguration;
			buildSettings = {
				ASSETCATALOG_COMPILER_APPICON_NAME = AppIcon;
				CODE_SIGN_STYLE = Automatic;
				INFOPLIST_FILE = CRM_P5/Info.plist;
				LD_RUNPATH_SEARCH_PATHS = "$(inherited) @executable_path/Frameworks";
				PRODUCT_BUNDLE_IDENTIFIER = "UPM.CRM-P5";
				PRODUCT_NAME = "$(TARGET_NAME)";
				SWIFT_VERSION = 4.0;
				TARGETED_DEVICE_FAMILY = "1,2";
			};
			name = Debug;
		};
		7DB0E55C1FC88E1D00ABB121 /* Release */ = {
			isa = XCBuildConfiguration;
			buildSettings = {
				ASSETCATALOG_COMPILER_APPICON_NAME = AppIcon;
				CODE_SIGN_STYLE = Automatic;
				INFOPLIST_FILE = CRM_P5/Info.plist;
				LD_RUNPATH_SEARCH_PATHS = "$(inherited) @executable_path/Frameworks";
				PRODUCT_BUNDLE_IDENTIFIER = "UPM.CRM-P5";
				PRODUCT_NAME = "$(TARGET_NAME)";
				SWIFT_VERSION = 4.0;
				TARGETED_DEVICE_FAMILY = "1,2";
			};
			name = Release;
		};
/* End XCBuildConfiguration section */

/* Begin XCConfigurationList section */
		7DB0E5431FC88E1C00ABB121 /* Build configuration list for PBXProject "CRM_P5" */ = {
			isa = XCConfigurationList;
			buildConfigurations = (
				7DB0E5581FC88E1D00ABB121 /* Debug */,
				7DB0E5591FC88E1D00ABB121 /* Release */,
			);
			defaultConfigurationIsVisible = 0;
			defaultConfigurationName = Release;
		};
		7DB0E55A1FC88E1D00ABB121 /* Build configuration list for PBXNativeTarget "CRM_P5" */ = {
			isa = XCConfigurationList;
			buildConfigurations = (
				7DB0E55B1FC88E1D00ABB121 /* Debug */,
				7DB0E55C1FC88E1D00ABB121 /* Release */,
			);
			defaultConfigurationIsVisible = 0;
			defaultConfigurationName = Release;
		};
/* End XCConfigurationList section */
	};
	rootObject = 7DB0E5401FC88E1C00ABB121 /* Project object */;
}
